// !$*UTF8*$!
{
	archiveVersion = 1;
	classes = {
	};
	objectVersion = 56;
	objects = {

/* Begin PBXBuildFile section */
		BE7CD58F2BC4E40D0065941B /* toDoList_byMarwanApp.swift in Sources */ = {isa = PBXBuildFile; fileRef = BE7CD58E2BC4E40D0065941B /* toDoList_byMarwanApp.swift */; };
		BE7CD5912BC4E40D0065941B /* ContentView.swift in Sources */ = {isa = PBXBuildFile; fileRef = BE7CD5902BC4E40D0065941B /* ContentView.swift */; };
		BE7CD5932BC4E40D0065941B /* Assets.xcassets in Resources */ = {isa = PBXBuildFile; fileRef = BE7CD5922BC4E40D0065941B /* Assets.xcassets */; };
		BE7CD5962BC4E40D0065941B /* Preview Assets.xcassets in Resources */ = {isa = PBXBuildFile; fileRef = BE7CD5952BC4E40D0065941B /* Preview Assets.xcassets */; };
		BE7CD5A02BC4E40D0065941B /* toDoList_byMarwanTests.swift in Sources */ = {isa = PBXBuildFile; fileRef = BE7CD59F2BC4E40D0065941B /* toDoList_byMarwanTests.swift */; };
		BE7CD5AA2BC4E40E0065941B /* toDoList_byMarwanUITests.swift in Sources */ = {isa = PBXBuildFile; fileRef = BE7CD5A92BC4E40E0065941B /* toDoList_byMarwanUITests.swift */; };
		BE7CD5AC2BC4E40E0065941B /* toDoList_byMarwanUITestsLaunchTests.swift in Sources */ = {isa = PBXBuildFile; fileRef = BE7CD5AB2BC4E40E0065941B /* toDoList_byMarwanUITestsLaunchTests.swift */; };
/* End PBXBuildFile section */

/* Begin PBXContainerItemProxy section */
		BE7CD59C2BC4E40D0065941B /* PBXContainerItemProxy */ = {
			isa = PBXContainerItemProxy;
			containerPortal = BE7CD5832BC4E40D0065941B /* Project object */;
			proxyType = 1;
			remoteGlobalIDString = BE7CD58A2BC4E40D0065941B;
			remoteInfo = "toDoList-byMarwan";
		};
		BE7CD5A62BC4E40E0065941B /* PBXContainerItemProxy */ = {
			isa = PBXContainerItemProxy;
			containerPortal = BE7CD5832BC4E40D0065941B /* Project object */;
			proxyType = 1;
			remoteGlobalIDString = BE7CD58A2BC4E40D0065941B;
			remoteInfo = "toDoList-byMarwan";
		};
/* End PBXContainerItemProxy section */

/* Begin PBXFileReference section */
		BE7CD58B2BC4E40D0065941B /* toDoList-byMarwan.app */ = {isa = PBXFileReference; explicitFileType = wrapper.application; includeInIndex = 0; path = "toDoList-byMarwan.app"; sourceTree = BUILT_PRODUCTS_DIR; };
		BE7CD58E2BC4E40D0065941B /* toDoList_byMarwanApp.swift */ = {isa = PBXFileReference; lastKnownFileType = sourcecode.swift; path = toDoList_byMarwanApp.swift; sourceTree = "<group>"; };
		BE7CD5902BC4E40D0065941B /* ContentView.swift */ = {isa = PBXFileReference; lastKnownFileType = sourcecode.swift; path = ContentView.swift; sourceTree = "<group>"; };
		BE7CD5922BC4E40D0065941B /* Assets.xcassets */ = {isa = PBXFileReference; lastKnownFileType = folder.assetcatalog; path = Assets.xcassets; sourceTree = "<group>"; };
		BE7CD5952BC4E40D0065941B /* Preview Assets.xcassets */ = {isa = PBXFileReference; lastKnownFileType = folder.assetcatalog; path = "Preview Assets.xcassets"; sourceTree = "<group>"; };
		BE7CD59B2BC4E40D0065941B /* toDoList-byMarwanTests.xctest */ = {isa = PBXFileReference; explicitFileType = wrapper.cfbundle; includeInIndex = 0; path = "toDoList-byMarwanTests.xctest"; sourceTree = BUILT_PRODUCTS_DIR; };
		BE7CD59F2BC4E40D0065941B /* toDoList_byMarwanTests.swift */ = {isa = PBXFileReference; lastKnownFileType = sourcecode.swift; path = toDoList_byMarwanTests.swift; sourceTree = "<group>"; };
		BE7CD5A52BC4E40E0065941B /* toDoList-byMarwanUITests.xctest */ = {isa = PBXFileReference; explicitFileType = wrapper.cfbundle; includeInIndex = 0; path = "toDoList-byMarwanUITests.xctest"; sourceTree = BUILT_PRODUCTS_DIR; };
		BE7CD5A92BC4E40E0065941B /* toDoList_byMarwanUITests.swift */ = {isa = PBXFileReference; lastKnownFileType = sourcecode.swift; path = toDoList_byMarwanUITests.swift; sourceTree = "<group>"; };
		BE7CD5AB2BC4E40E0065941B /* toDoList_byMarwanUITestsLaunchTests.swift */ = {isa = PBXFileReference; lastKnownFileType = sourcecode.swift; path = toDoList_byMarwanUITestsLaunchTests.swift; sourceTree = "<group>"; };
/* End PBXFileReference section */

/* Begin PBXFrameworksBuildPhase section */
		BE7CD5882BC4E40D0065941B /* Frameworks */ = {
			isa = PBXFrameworksBuildPhase;
			buildActionMask = 2147483647;
			files = (
			);
			runOnlyForDeploymentPostprocessing = 0;
		};
		BE7CD5982BC4E40D0065941B /* Frameworks */ = {
			isa = PBXFrameworksBuildPhase;
			buildActionMask = 2147483647;
			files = (
			);
			runOnlyForDeploymentPostprocessing = 0;
		};
		BE7CD5A22BC4E40E0065941B /* Frameworks */ = {
			isa = PBXFrameworksBuildPhase;
			buildActionMask = 2147483647;
			files = (
			);
			runOnlyForDeploymentPostprocessing = 0;
		};
/* End PBXFrameworksBuildPhase section */

/* Begin PBXGroup section */
		BE7CD5822BC4E40D0065941B = {
			isa = PBXGroup;
			children = (
				BE7CD58D2BC4E40D0065941B /* toDoList-byMarwan */,
				BE7CD59E2BC4E40D0065941B /* toDoList-byMarwanTests */,
				BE7CD5A82BC4E40E0065941B /* toDoList-byMarwanUITests */,
				BE7CD58C2BC4E40D0065941B /* Products */,
			);
			sourceTree = "<group>";
		};
		BE7CD58C2BC4E40D0065941B /* Products */ = {
			isa = PBXGroup;
			children = (
				BE7CD58B2BC4E40D0065941B /* toDoList-byMarwan.app */,
				BE7CD59B2BC4E40D0065941B /* toDoList-byMarwanTests.xctest */,
				BE7CD5A52BC4E40E0065941B /* toDoList-byMarwanUITests.xctest */,
			);
			name = Products;
			sourceTree = "<group>";
		};
		BE7CD58D2BC4E40D0065941B /* toDoList-byMarwan */ = {
			isa = PBXGroup;
			children = (
				BE7CD58E2BC4E40D0065941B /* toDoList_byMarwanApp.swift */,
				BE7CD5902BC4E40D0065941B /* ContentView.swift */,
				BE7CD5922BC4E40D0065941B /* Assets.xcassets */,
				BE7CD5942BC4E40D0065941B /* Preview Content */,
			);
			path = "toDoList-byMarwan";
			sourceTree = "<group>";
		};
		BE7CD5942BC4E40D0065941B /* Preview Content */ = {
			isa = PBXGroup;
			children = (
				BE7CD5952BC4E40D0065941B /* Preview Assets.xcassets */,
			);
			path = "Preview Content";
			sourceTree = "<group>";
		};
		BE7CD59E2BC4E40D0065941B /* toDoList-byMarwanTests */ = {
			isa = PBXGroup;
			children = (
				BE7CD59F2BC4E40D0065941B /* toDoList_byMarwanTests.swift */,
			);
			path = "toDoList-byMarwanTests";
			sourceTree = "<group>";
		};
		BE7CD5A82BC4E40E0065941B /* toDoList-byMarwanUITests */ = {
			isa = PBXGroup;
			children = (
				BE7CD5A92BC4E40E0065941B /* toDoList_byMarwanUITests.swift */,
				BE7CD5AB2BC4E40E0065941B /* toDoList_byMarwanUITestsLaunchTests.swift */,
			);
			path = "toDoList-byMarwanUITests";
			sourceTree = "<group>";
		};
/* End PBXGroup section */

/* Begin PBXNativeTarget section */
		BE7CD58A2BC4E40D0065941B /* toDoList-byMarwan */ = {
			isa = PBXNativeTarget;
			buildConfigurationList = BE7CD5AF2BC4E40E0065941B /* Build configuration list for PBXNativeTarget "toDoList-byMarwan" */;
			buildPhases = (
				BE7CD5872BC4E40D0065941B /* Sources */,
				BE7CD5882BC4E40D0065941B /* Frameworks */,
				BE7CD5892BC4E40D0065941B /* Resources */,
			);
			buildRules = (
			);
			dependencies = (
			);
			name = "toDoList-byMarwan";
			productName = "toDoList-byMarwan";
			productReference = BE7CD58B2BC4E40D0065941B /* toDoList-byMarwan.app */;
			productType = "com.apple.product-type.application";
		};
		BE7CD59A2BC4E40D0065941B /* toDoList-byMarwanTests */ = {
			isa = PBXNativeTarget;
			buildConfigurationList = BE7CD5B22BC4E40E0065941B /* Build configuration list for PBXNativeTarget "toDoList-byMarwanTests" */;
			buildPhases = (
				BE7CD5972BC4E40D0065941B /* Sources */,
				BE7CD5982BC4E40D0065941B /* Frameworks */,
				BE7CD5992BC4E40D0065941B /* Resources */,
			);
			buildRules = (
			);
			dependencies = (
				BE7CD59D2BC4E40D0065941B /* PBXTargetDependency */,
			);
			name = "toDoList-byMarwanTests";
			productName = "toDoList-byMarwanTests";
			productReference = BE7CD59B2BC4E40D0065941B /* toDoList-byMarwanTests.xctest */;
			productType = "com.apple.product-type.bundle.unit-test";
		};
		BE7CD5A42BC4E40E0065941B /* toDoList-byMarwanUITests */ = {
			isa = PBXNativeTarget;
			buildConfigurationList = BE7CD5B52BC4E40E0065941B /* Build configuration list for PBXNativeTarget "toDoList-byMarwanUITests" */;
			buildPhases = (
				BE7CD5A12BC4E40E0065941B /* Sources */,
				BE7CD5A22BC4E40E0065941B /* Frameworks */,
				BE7CD5A32BC4E40E0065941B /* Resources */,
			);
			buildRules = (
			);
			dependencies = (
				BE7CD5A72BC4E40E0065941B /* PBXTargetDependency */,
			);
			name = "toDoList-byMarwanUITests";
			productName = "toDoList-byMarwanUITests";
			productReference = BE7CD5A52BC4E40E0065941B /* toDoList-byMarwanUITests.xctest */;
			productType = "com.apple.product-type.bundle.ui-testing";
		};
/* End PBXNativeTarget section */

/* Begin PBXProject section */
		BE7CD5832BC4E40D0065941B /* Project object */ = {
			isa = PBXProject;
			attributes = {
				BuildIndependentTargetsInParallel = 1;
				LastSwiftUpdateCheck = 1530;
				LastUpgradeCheck = 1530;
				TargetAttributes = {
					BE7CD58A2BC4E40D0065941B = {
						CreatedOnToolsVersion = 15.3;
					};
					BE7CD59A2BC4E40D0065941B = {
						CreatedOnToolsVersion = 15.3;
						TestTargetID = BE7CD58A2BC4E40D0065941B;
					};
					BE7CD5A42BC4E40E0065941B = {
						CreatedOnToolsVersion = 15.3;
						TestTargetID = BE7CD58A2BC4E40D0065941B;
					};
				};
			};
			buildConfigurationList = BE7CD5862BC4E40D0065941B /* Build configuration list for PBXProject "toDoList-byMarwan" */;
			compatibilityVersion = "Xcode 14.0";
			developmentRegion = en;
			hasScannedForEncodings = 0;
			knownRegions = (
				en,
				Base,
			);
			mainGroup = BE7CD5822BC4E40D0065941B;
			productRefGroup = BE7CD58C2BC4E40D0065941B /* Products */;
			projectDirPath = "";
			projectRoot = "";
			targets = (
				BE7CD58A2BC4E40D0065941B /* toDoList-byMarwan */,
				BE7CD59A2BC4E40D0065941B /* toDoList-byMarwanTests */,
				BE7CD5A42BC4E40E0065941B /* toDoList-byMarwanUITests */,
			);
		};
/* End PBXProject section */

/* Begin PBXResourcesBuildPhase section */
		BE7CD5892BC4E40D0065941B /* Resources */ = {
			isa = PBXResourcesBuildPhase;
			buildActionMask = 2147483647;
			files = (
				BE7CD5962BC4E40D0065941B /* Preview Assets.xcassets in Resources */,
				BE7CD5932BC4E40D0065941B /* Assets.xcassets in Resources */,
			);
			runOnlyForDeploymentPostprocessing = 0;
		};
		BE7CD5992BC4E40D0065941B /* Resources */ = {
			isa = PBXResourcesBuildPhase;
			buildActionMask = 2147483647;
			files = (
			);
			runOnlyForDeploymentPostprocessing = 0;
		};
		BE7CD5A32BC4E40E0065941B /* Resources */ = {
			isa = PBXResourcesBuildPhase;
			buildActionMask = 2147483647;
			files = (
			);
			runOnlyForDeploymentPostprocessing = 0;
		};
/* End PBXResourcesBuildPhase section */

/* Begin PBXSourcesBuildPhase section */
		BE7CD5872BC4E40D0065941B /* Sources */ = {
			isa = PBXSourcesBuildPhase;
			buildActionMask = 2147483647;
			files = (
				BE7CD5912BC4E40D0065941B /* ContentView.swift in Sources */,
				BE7CD58F2BC4E40D0065941B /* toDoList_byMarwanApp.swift in Sources */,
			);
			runOnlyForDeploymentPostprocessing = 0;
		};
		BE7CD5972BC4E40D0065941B /* Sources */ = {
			isa = PBXSourcesBuildPhase;
			buildActionMask = 2147483647;
			files = (
				BE7CD5A02BC4E40D0065941B /* toDoList_byMarwanTests.swift in Sources */,
			);
			runOnlyForDeploymentPostprocessing = 0;
		};
		BE7CD5A12BC4E40E0065941B /* Sources */ = {
			isa = PBXSourcesBuildPhase;
			buildActionMask = 2147483647;
			files = (
				BE7CD5AA2BC4E40E0065941B /* toDoList_byMarwanUITests.swift in Sources */,
				BE7CD5AC2BC4E40E0065941B /* toDoList_byMarwanUITestsLaunchTests.swift in Sources */,
			);
			runOnlyForDeploymentPostprocessing = 0;
		};
/* End PBXSourcesBuildPhase section */

/* Begin PBXTargetDependency section */
		BE7CD59D2BC4E40D0065941B /* PBXTargetDependency */ = {
			isa = PBXTargetDependency;
			target = BE7CD58A2BC4E40D0065941B /* toDoList-byMarwan */;
			targetProxy = BE7CD59C2BC4E40D0065941B /* PBXContainerItemProxy */;
		};
		BE7CD5A72BC4E40E0065941B /* PBXTargetDependency */ = {
			isa = PBXTargetDependency;
			target = BE7CD58A2BC4E40D0065941B /* toDoList-byMarwan */;
			targetProxy = BE7CD5A62BC4E40E0065941B /* PBXContainerItemProxy */;
		};
/* End PBXTargetDependency section */

/* Begin XCBuildConfiguration section */
		BE7CD5AD2BC4E40E0065941B /* Debug */ = {
			isa = XCBuildConfiguration;
			buildSettings = {
				ALWAYS_SEARCH_USER_PATHS = NO;
				ASSETCATALOG_COMPILER_GENERATE_SWIFT_ASSET_SYMBOL_EXTENSIONS = YES;
				CLANG_ANALYZER_NONNULL = YES;
				CLANG_ANALYZER_NUMBER_OBJECT_CONVERSION = YES_AGGRESSIVE;
				CLANG_CXX_LANGUAGE_STANDARD = "gnu++20";
				CLANG_ENABLE_MODULES = YES;
				CLANG_ENABLE_OBJC_ARC = YES;
				CLANG_ENABLE_OBJC_WEAK = YES;
				CLANG_WARN_BLOCK_CAPTURE_AUTORELEASING = YES;
				CLANG_WARN_BOOL_CONVERSION = YES;
				CLANG_WARN_COMMA = YES;
				CLANG_WARN_CONSTANT_CONVERSION = YES;
				CLANG_WARN_DEPRECATED_OBJC_IMPLEMENTATIONS = YES;
				CLANG_WARN_DIRECT_OBJC_ISA_USAGE = YES_ERROR;
				CLANG_WARN_DOCUMENTATION_COMMENTS = YES;
				CLANG_WARN_EMPTY_BODY = YES;
				CLANG_WARN_ENUM_CONVERSION = YES;
				CLANG_WARN_INFINITE_RECURSION = YES;
				CLANG_WARN_INT_CONVERSION = YES;
				CLANG_WARN_NON_LITERAL_NULL_CONVERSION = YES;
				CLANG_WARN_OBJC_IMPLICIT_RETAIN_SELF = YES;
				CLANG_WARN_OBJC_LITERAL_CONVERSION = YES;
				CLANG_WARN_OBJC_ROOT_CLASS = YES_ERROR;
				CLANG_WARN_QUOTED_INCLUDE_IN_FRAMEWORK_HEADER = YES;
				CLANG_WARN_RANGE_LOOP_ANALYSIS = YES;
				CLANG_WARN_STRICT_PROTOTYPES = YES;
				CLANG_WARN_SUSPICIOUS_MOVE = YES;
				CLANG_WARN_UNGUARDED_AVAILABILITY = YES_AGGRESSIVE;
				CLANG_WARN_UNREACHABLE_CODE = YES;
				CLANG_WARN__DUPLICATE_METHOD_MATCH = YES;
				COPY_PHASE_STRIP = NO;
				DEBUG_INFORMATION_FORMAT = dwarf;
				ENABLE_STRICT_OBJC_MSGSEND = YES;
				ENABLE_TESTABILITY = YES;
				ENABLE_USER_SCRIPT_SANDBOXING = YES;
				GCC_C_LANGUAGE_STANDARD = gnu17;
				GCC_DYNAMIC_NO_PIC = NO;
				GCC_NO_COMMON_BLOCKS = YES;
				GCC_OPTIMIZATION_LEVEL = 0;
				GCC_PREPROCESSOR_DEFINITIONS = (
					"DEBUG=1",
					"$(inherited)",
				);
				GCC_WARN_64_TO_32_BIT_CONVERSION = YES;
				GCC_WARN_ABOUT_RETURN_TYPE = YES_ERROR;
				GCC_WARN_UNDECLARED_SELECTOR = YES;
				GCC_WARN_UNINITIALIZED_AUTOS = YES_AGGRESSIVE;
				GCC_WARN_UNUSED_FUNCTION = YES;
				GCC_WARN_UNUSED_VARIABLE = YES;
				IPHONEOS_DEPLOYMENT_TARGET = 17.4;
				LOCALIZATION_PREFERS_STRING_CATALOGS = YES;
				MTL_ENABLE_DEBUG_INFO = INCLUDE_SOURCE;
				MTL_FAST_MATH = YES;
				ONLY_ACTIVE_ARCH = YES;
				SDKROOT = iphoneos;
				SWIFT_ACTIVE_COMPILATION_CONDITIONS = "DEBUG $(inherited)";
				SWIFT_OPTIMIZATION_LEVEL = "-Onone";
			};
			name = Debug;
		};
		BE7CD5AE2BC4E40E0065941B /* Release */ = {
			isa = XCBuildConfiguration;
			buildSettings = {
				ALWAYS_SEARCH_USER_PATHS = NO;
				ASSETCATALOG_COMPILER_GENERATE_SWIFT_ASSET_SYMBOL_EXTENSIONS = YES;
				CLANG_ANALYZER_NONNULL = YES;
				CLANG_ANALYZER_NUMBER_OBJECT_CONVERSION = YES_AGGRESSIVE;
				CLANG_CXX_LANGUAGE_STANDARD = "gnu++20";
				CLANG_ENABLE_MODULES = YES;
				CLANG_ENABLE_OBJC_ARC = YES;
				CLANG_ENABLE_OBJC_WEAK = YES;
				CLANG_WARN_BLOCK_CAPTURE_AUTORELEASING = YES;
				CLANG_WARN_BOOL_CONVERSION = YES;
				CLANG_WARN_COMMA = YES;
				CLANG_WARN_CONSTANT_CONVERSION = YES;
				CLANG_WARN_DEPRECATED_OBJC_IMPLEMENTATIONS = YES;
				CLANG_WARN_DIRECT_OBJC_ISA_USAGE = YES_ERROR;
				CLANG_WARN_DOCUMENTATION_COMMENTS = YES;
				CLANG_WARN_EMPTY_BODY = YES;
				CLANG_WARN_ENUM_CONVERSION = YES;
				CLANG_WARN_INFINITE_RECURSION = YES;
				CLANG_WARN_INT_CONVERSION = YES;
				CLANG_WARN_NON_LITERAL_NULL_CONVERSION = YES;
				CLANG_WARN_OBJC_IMPLICIT_RETAIN_SELF = YES;
				CLANG_WARN_OBJC_LITERAL_CONVERSION = YES;
				CLANG_WARN_OBJC_ROOT_CLASS = YES_ERROR;
				CLANG_WARN_QUOTED_INCLUDE_IN_FRAMEWORK_HEADER = YES;
				CLANG_WARN_RANGE_LOOP_ANALYSIS = YES;
				CLANG_WARN_STRICT_PROTOTYPES = YES;
				CLANG_WARN_SUSPICIOUS_MOVE = YES;
				CLANG_WARN_UNGUARDED_AVAILABILITY = YES_AGGRESSIVE;
				CLANG_WARN_UNREACHABLE_CODE = YES;
				CLANG_WARN__DUPLICATE_METHOD_MATCH = YES;
				COPY_PHASE_STRIP = NO;
				DEBUG_INFORMATION_FORMAT = "dwarf-with-dsym";
				ENABLE_NS_ASSERTIONS = NO;
				ENABLE_STRICT_OBJC_MSGSEND = YES;
				ENABLE_USER_SCRIPT_SANDBOXING = YES;
				GCC_C_LANGUAGE_STANDARD = gnu17;
				GCC_NO_COMMON_BLOCKS = YES;
				GCC_WARN_64_TO_32_BIT_CONVERSION = YES;
				GCC_WARN_ABOUT_RETURN_TYPE = YES_ERROR;
				GCC_WARN_UNDECLARED_SELECTOR = YES;
				GCC_WARN_UNINITIALIZED_AUTOS = YES_AGGRESSIVE;
				GCC_WARN_UNUSED_FUNCTION = YES;
				GCC_WARN_UNUSED_VARIABLE = YES;
				IPHONEOS_DEPLOYMENT_TARGET = 17.4;
				LOCALIZATION_PREFERS_STRING_CATALOGS = YES;
				MTL_ENABLE_DEBUG_INFO = NO;
				MTL_FAST_MATH = YES;
				SDKROOT = iphoneos;
				SWIFT_COMPILATION_MODE = wholemodule;
				VALIDATE_PRODUCT = YES;
			};
			name = Release;
		};
		BE7CD5B02BC4E40E0065941B /* Debug */ = {
			isa = XCBuildConfiguration;
			buildSettings = {
				ASSETCATALOG_COMPILER_APPICON_NAME = AppIcon;
				ASSETCATALOG_COMPILER_GLOBAL_ACCENT_COLOR_NAME = AccentColor;
				CODE_SIGN_STYLE = Automatic;
				CURRENT_PROJECT_VERSION = 1;
				DEVELOPMENT_ASSET_PATHS = "\"toDoList-byMarwan/Preview Content\"";
				ENABLE_PREVIEWS = YES;
				GENERATE_INFOPLIST_FILE = YES;
				INFOPLIST_KEY_UIApplicationSceneManifest_Generation = YES;
				INFOPLIST_KEY_UIApplicationSupportsIndirectInputEvents = YES;
				INFOPLIST_KEY_UILaunchScreen_Generation = YES;
				INFOPLIST_KEY_UISupportedInterfaceOrientations_iPad = "UIInterfaceOrientationPortrait UIInterfaceOrientationPortraitUpsideDown UIInterfaceOrientationLandscapeLeft UIInterfaceOrientationLandscapeRight";
				INFOPLIST_KEY_UISupportedInterfaceOrientations_iPhone = "UIInterfaceOrientationPortrait UIInterfaceOrientationLandscapeLeft UIInterfaceOrientationLandscapeRight";
				LD_RUNPATH_SEARCH_PATHS = (
					"$(inherited)",
					"@executable_path/Frameworks",
				);
				MARKETING_VERSION = 1.0;
				PRODUCT_BUNDLE_IDENTIFIER = "com.marwan.toDoList-byMarwan";
				PRODUCT_NAME = "$(TARGET_NAME)";
				SWIFT_EMIT_LOC_STRINGS = YES;
				SWIFT_VERSION = 5.0;
				TARGETED_DEVICE_FAMILY = "1,2";
			};
			name = Debug;
		};
		BE7CD5B12BC4E40E0065941B /* Release */ = {
			isa = XCBuildConfiguration;
			buildSettings = {
				ASSETCATALOG_COMPILER_APPICON_NAME = AppIcon;
				ASSETCATALOG_COMPILER_GLOBAL_ACCENT_COLOR_NAME = AccentColor;
				CODE_SIGN_STYLE = Automatic;
				CURRENT_PROJECT_VERSION = 1;
				DEVELOPMENT_ASSET_PATHS = "\"toDoList-byMarwan/Preview Content\"";
				ENABLE_PREVIEWS = YES;
				GENERATE_INFOPLIST_FILE = YES;
				INFOPLIST_KEY_UIApplicationSceneManifest_Generation = YES;
				INFOPLIST_KEY_UIApplicationSupportsIndirectInputEvents = YES;
				INFOPLIST_KEY_UILaunchScreen_Generation = YES;
				INFOPLIST_KEY_UISupportedInterfaceOrientations_iPad = "UIInterfaceOrientationPortrait UIInterfaceOrientationPortraitUpsideDown UIInterfaceOrientationLandscapeLeft UIInterfaceOrientationLandscapeRight";
				INFOPLIST_KEY_UISupportedInterfaceOrientations_iPhone = "UIInterfaceOrientationPortrait UIInterfaceOrientationLandscapeLeft UIInterfaceOrientationLandscapeRight";
				LD_RUNPATH_SEARCH_PATHS = (
					"$(inherited)",
					"@executable_path/Frameworks",
				);
				MARKETING_VERSION = 1.0;
				PRODUCT_BUNDLE_IDENTIFIER = "com.marwan.toDoList-byMarwan";
				PRODUCT_NAME = "$(TARGET_NAME)";
				SWIFT_EMIT_LOC_STRINGS = YES;
				SWIFT_VERSION = 5.0;
				TARGETED_DEVICE_FAMILY = "1,2";
			};
			name = Release;
		};
		BE7CD5B32BC4E40E0065941B /* Debug */ = {
			isa = XCBuildConfiguration;
			buildSettings = {
				ALWAYS_EMBED_SWIFT_STANDARD_LIBRARIES = YES;
				BUNDLE_LOADER = "$(TEST_HOST)";
				CODE_SIGN_STYLE = Automatic;
				CURRENT_PROJECT_VERSION = 1;
				GENERATE_INFOPLIST_FILE = YES;
				IPHONEOS_DEPLOYMENT_TARGET = 17.4;
				MARKETING_VERSION = 1.0;
				PRODUCT_BUNDLE_IDENTIFIER = "com.marwan.toDoList-byMarwanTests";
				PRODUCT_NAME = "$(TARGET_NAME)";
				SWIFT_EMIT_LOC_STRINGS = NO;
				SWIFT_VERSION = 5.0;
				TARGETED_DEVICE_FAMILY = "1,2";
				TEST_HOST = "$(BUILT_PRODUCTS_DIR)/toDoList-byMarwan.app/$(BUNDLE_EXECUTABLE_FOLDER_PATH)/toDoList-byMarwan";
			};
			name = Debug;
		};
		BE7CD5B42BC4E40E0065941B /* Release */ = {
			isa = XCBuildConfiguration;
			buildSettings = {
				ALWAYS_EMBED_SWIFT_STANDARD_LIBRARIES = YES;
				BUNDLE_LOADER = "$(TEST_HOST)";
				CODE_SIGN_STYLE = Automatic;
				CURRENT_PROJECT_VERSION = 1;
				GENERATE_INFOPLIST_FILE = YES;
				IPHONEOS_DEPLOYMENT_TARGET = 17.4;
				MARKETING_VERSION = 1.0;
				PRODUCT_BUNDLE_IDENTIFIER = "com.marwan.toDoList-byMarwanTests";
				PRODUCT_NAME = "$(TARGET_NAME)";
				SWIFT_EMIT_LOC_STRINGS = NO;
				SWIFT_VERSION = 5.0;
				TARGETED_DEVICE_FAMILY = "1,2";
				TEST_HOST = "$(BUILT_PRODUCTS_DIR)/toDoList-byMarwan.app/$(BUNDLE_EXECUTABLE_FOLDER_PATH)/toDoList-byMarwan";
			};
			name = Release;
		};
		BE7CD5B62BC4E40E0065941B /* Debug */ = {
			isa = XCBuildConfiguration;
			buildSettings = {
				ALWAYS_EMBED_SWIFT_STANDARD_LIBRARIES = YES;
				CODE_SIGN_STYLE = Automatic;
				CURRENT_PROJECT_VERSION = 1;
				GENERATE_INFOPLIST_FILE = YES;
				MARKETING_VERSION = 1.0;
				PRODUCT_BUNDLE_IDENTIFIER = "com.marwan.toDoList-byMarwanUITests";
				PRODUCT_NAME = "$(TARGET_NAME)";
				SWIFT_EMIT_LOC_STRINGS = NO;
				SWIFT_VERSION = 5.0;
				TARGETED_DEVICE_FAMILY = "1,2";
				TEST_TARGET_NAME = "toDoList-byMarwan";
			};
			name = Debug;
		};
		BE7CD5B72BC4E40E0065941B /* Release */ = {
			isa = XCBuildConfiguration;
			buildSettings = {
				ALWAYS_EMBED_SWIFT_STANDARD_LIBRARIES = YES;
				CODE_SIGN_STYLE = Automatic;
				CURRENT_PROJECT_VERSION = 1;
				GENERATE_INFOPLIST_FILE = YES;
				MARKETING_VERSION = 1.0;
				PRODUCT_BUNDLE_IDENTIFIER = "com.marwan.toDoList-byMarwanUITests";
				PRODUCT_NAME = "$(TARGET_NAME)";
				SWIFT_EMIT_LOC_STRINGS = NO;
				SWIFT_VERSION = 5.0;
				TARGETED_DEVICE_FAMILY = "1,2";
				TEST_TARGET_NAME = "toDoList-byMarwan";
			};
			name = Release;
		};
/* End XCBuildConfiguration section */

/* Begin XCConfigurationList section */
		BE7CD5862BC4E40D0065941B /* Build configuration list for PBXProject "toDoList-byMarwan" */ = {
			isa = XCConfigurationList;
			buildConfigurations = (
				BE7CD5AD2BC4E40E0065941B /* Debug */,
				BE7CD5AE2BC4E40E0065941B /* Release */,
			);
			defaultConfigurationIsVisible = 0;
			defaultConfigurationName = Release;
		};
		BE7CD5AF2BC4E40E0065941B /* Build configuration list for PBXNativeTarget "toDoList-byMarwan" */ = {
			isa = XCConfigurationList;
			buildConfigurations = (
				BE7CD5B02BC4E40E0065941B /* Debug */,
				BE7CD5B12BC4E40E0065941B /* Release */,
			);
			defaultConfigurationIsVisible = 0;
			defaultConfigurationName = Release;
		};
		BE7CD5B22BC4E40E0065941B /* Build configuration list for PBXNativeTarget "toDoList-byMarwanTests" */ = {
			isa = XCConfigurationList;
			buildConfigurations = (
				BE7CD5B32BC4E40E0065941B /* Debug */,
				BE7CD5B42BC4E40E0065941B /* Release */,
			);
			defaultConfigurationIsVisible = 0;
			defaultConfigurationName = Release;
		};
		BE7CD5B52BC4E40E0065941B /* Build configuration list for PBXNativeTarget "toDoList-byMarwanUITests" */ = {
			isa = XCConfigurationList;
			buildConfigurations = (
				BE7CD5B62BC4E40E0065941B /* Debug */,
				BE7CD5B72BC4E40E0065941B /* Release */,
			);
			defaultConfigurationIsVisible = 0;
			defaultConfigurationName = Release;
		};
/* End XCConfigurationList section */
	};
	rootObject = BE7CD5832BC4E40D0065941B /* Project object */;
}
